
Microsoft Visual Studio Solution File, Format Version 12.00
# Visual Studio Version 17
VisualStudioVersion = 17.5.33502.453
MinimumVisualStudioVersion = 10.0.40219.1
Project("{FAE04EC0-301F-11D3-BF4B-00C04F79EFBC}") = "PT_lab3", "PT_lab3\PT_lab3.csproj", "{EEB0B49E-969A-49CA-80AB-E1C10AB67BA4}"
EndProject
Global
	GlobalSection(SolutionConfigurationPlatforms) = preSolution
		Debug|Any CPU = Debug|Any CPU
		Release|Any CPU = Release|Any CPU
	EndGlobalSection
	GlobalSection(ProjectConfigurationPlatforms) = postSolution
		{EEB0B49E-969A-49CA-80AB-E1C10AB67BA4}.Debug|Any CPU.ActiveCfg = Debug|Any CPU
		{EEB0B49E-969A-49CA-80AB-E1C10AB67BA4}.Debug|Any CPU.Build.0 = Debug|Any CPU
		{EEB0B49E-969A-49CA-80AB-E1C10AB67BA4}.Release|Any CPU.ActiveCfg = Release|Any CPU
		{EEB0B49E-969A-49CA-80AB-E1C10AB67BA4}.Release|Any CPU.Build.0 = Release|Any CPU
	EndGlobalSection
	GlobalSection(SolutionProperties) = preSolution
		HideSolutionNode = FALSE
	EndGlobalSection
	GlobalSection(ExtensibilityGlobals) = postSolution
		SolutionGuid = {BB71CCEF-4A4A-460F-B035-84A3518F931D}
	EndGlobalSection
EndGlobal
